dependencies:
- name: cargocms-admin-client
  repository: https://chartmuseum.jx.k8s.trunksys.com
  version: 0.8.3
- name: exposecontroller
  repository: https://chartmuseum.build.cd.jenkins-x.io
  version: 2.3.56
- name: exposecontroller
  repository: https://chartmuseum.build.cd.jenkins-x.io
  version: 2.3.56
- name: cargocms-admin-client
  repository: file://../cargocms-admin-client
  version: 0.0.0-SNAPSHOT-preview-bochen-9
digest: sha256:01e8a6442da1c9251311406a9e9245da18bacb90c0a580469140fed79edc1fae
generated: 2018-10-24T14:27:37.824464+08:00
